
Microsoft Visual Studio Solution File, Format Version 12.00
# Visual Studio Version 16
VisualStudioVersion = 16.0.31702.278
MinimumVisualStudioVersion = 10.0.40219.1
Project("{FAE04EC0-301F-11D3-BF4B-00C04F79EFBC}") = "DeathRecap", "DeathRecap.csproj", "{3788AB62-B27B-4982-AA9C-0B9B16BE7B46}"
EndProject
Global
	GlobalSection(SolutionConfigurationPlatforms) = preSolution
		Debug|x64 = Debug|x64
		Release|x64 = Release|x64
	EndGlobalSection
	GlobalSection(ProjectConfigurationPlatforms) = postSolution
		{3788AB62-B27B-4982-AA9C-0B9B16BE7B46}.Debug|x64.ActiveCfg = Debug|x64
		{3788AB62-B27B-4982-AA9C-0B9B16BE7B46}.Debug|x64.Build.0 = Debug|x64
		{3788AB62-B27B-4982-AA9C-0B9B16BE7B46}.Release|x64.ActiveCfg = Release|x64
		{3788AB62-B27B-4982-AA9C-0B9B16BE7B46}.Release|x64.Build.0 = Release|x64
	EndGlobalSection
	GlobalSection(SolutionProperties) = preSolution
		HideSolutionNode = FALSE
	EndGlobalSection
	GlobalSection(ExtensibilityGlobals) = postSolution
		SolutionGuid = {9706800E-3FF4-4DBA-BB9B-ABAD5C1B6FC8}
	EndGlobalSection
EndGlobal
